
Microsoft Visual Studio Solution File, Format Version 12.00
# Visual Studio 15
VisualStudioVersion = 15.0.28307.1340
MinimumVisualStudioVersion = 10.0.40219.1
Project("{FAE04EC0-301F-11D3-BF4B-00C04F79EFBC}") = "WpfToolKit", "WpfToolKit\WpfToolKit.csproj", "{FAF0C08A-B9A0-4073-B540-1D6FE44E093D}"
EndProject
Project("{FAE04EC0-301F-11D3-BF4B-00C04F79EFBC}") = "WpfToolKitTest", "WpfToolKitTest\WpfToolKitTest.csproj", "{435BAEAC-DAF1-414F-AAF3-47F5AE6B5B51}"
EndProject
Project("{FAE04EC0-301F-11D3-BF4B-00C04F79EFBC}") = "MyWindowsService", "MyWindowsService\MyWindowsService.csproj", "{0D12EDEA-2769-4BD2-B4DC-5B31B28A64C4}"
EndProject
Global
	GlobalSection(SolutionConfigurationPlatforms) = preSolution
		Debug|Any CPU = Debug|Any CPU
		Release|Any CPU = Release|Any CPU
	EndGlobalSection
	GlobalSection(ProjectConfigurationPlatforms) = postSolution
		{FAF0C08A-B9A0-4073-B540-1D6FE44E093D}.Debug|Any CPU.ActiveCfg = Debug|Any CPU
		{FAF0C08A-B9A0-4073-B540-1D6FE44E093D}.Debug|Any CPU.Build.0 = Debug|Any CPU
		{FAF0C08A-B9A0-4073-B540-1D6FE44E093D}.Release|Any CPU.ActiveCfg = Release|Any CPU
		{FAF0C08A-B9A0-4073-B540-1D6FE44E093D}.Release|Any CPU.Build.0 = Release|Any CPU
		{435BAEAC-DAF1-414F-AAF3-47F5AE6B5B51}.Debug|Any CPU.ActiveCfg = Debug|Any CPU
		{435BAEAC-DAF1-414F-AAF3-47F5AE6B5B51}.Debug|Any CPU.Build.0 = Debug|Any CPU
		{435BAEAC-DAF1-414F-AAF3-47F5AE6B5B51}.Release|Any CPU.ActiveCfg = Release|Any CPU
		{435BAEAC-DAF1-414F-AAF3-47F5AE6B5B51}.Release|Any CPU.Build.0 = Release|Any CPU
		{0D12EDEA-2769-4BD2-B4DC-5B31B28A64C4}.Debug|Any CPU.ActiveCfg = Debug|Any CPU
		{0D12EDEA-2769-4BD2-B4DC-5B31B28A64C4}.Debug|Any CPU.Build.0 = Debug|Any CPU
		{0D12EDEA-2769-4BD2-B4DC-5B31B28A64C4}.Release|Any CPU.ActiveCfg = Release|Any CPU
		{0D12EDEA-2769-4BD2-B4DC-5B31B28A64C4}.Release|Any CPU.Build.0 = Release|Any CPU
	EndGlobalSection
	GlobalSection(SolutionProperties) = preSolution
		HideSolutionNode = FALSE
	EndGlobalSection
	GlobalSection(ExtensibilityGlobals) = postSolution
		SolutionGuid = {66D9C6B9-454B-4455-B049-24AC8B11E5A8}
	EndGlobalSection
EndGlobal
